Microsoft Visual Studio Solution File, Format Version 12.00
# Visual Studio Version 17
VisualStudioVersion = 17.2.32616.157
MinimumVisualStudioVersion = 10.0.40219.1
Project("{FAE04EC0-301F-11D3-BF4B-00C04F79EFBC}") = "D1W", "PiggyDump\D1W.csproj", "{A9CC48AF-AEDF-4A2D-86A7-9288BADBC801}"
EndProject
Project("{FAE04EC0-301F-11D3-BF4B-00C04F79EFBC}") = "LibDescent.Data", "LibDescent\Data\LibDescent.Data.csproj", "{E096C471-EF8C-460F-8767-7FD7CFF73465}"
EndProject
Project("{FAE04EC0-301F-11D3-BF4B-00C04F79EFBC}") = "LibDescent.Edit", "LibDescent\Edit\LibDescent.Edit.csproj", "{DDBAE7E1-EC77-411F-B921-0A3DBCAACB8C}"
EndProject
Global
	GlobalSection(SolutionConfigurationPlatforms) = preSolution
		Debug|Any CPU = Debug|Any CPU
		Release|Any CPU = Release|Any CPU
	EndGlobalSection
	GlobalSection(ProjectConfigurationPlatforms) = postSolution
		{A9CC48AF-AEDF-4A2D-86A7-9288BADBC801}.Debug|Any CPU.ActiveCfg = Debug|Any CPU
		{A9CC48AF-AEDF-4A2D-86A7-9288BADBC801}.Debug|Any CPU.Build.0 = Debug|Any CPU
		{A9CC48AF-AEDF-4A2D-86A7-9288BADBC801}.Release|Any CPU.ActiveCfg = Release|Any CPU
		{A9CC48AF-AEDF-4A2D-86A7-9288BADBC801}.Release|Any CPU.Build.0 = Release|Any CPU
		{E096C471-EF8C-460F-8767-7FD7CFF73465}.Debug|Any CPU.ActiveCfg = Debug|Any CPU
		{E096C471-EF8C-460F-8767-7FD7CFF73465}.Debug|Any CPU.Build.0 = Debug|Any CPU
		{E096C471-EF8C-460F-8767-7FD7CFF73465}.Release|Any CPU.ActiveCfg = Release|Any CPU
		{E096C471-EF8C-460F-8767-7FD7CFF73465}.Release|Any CPU.Build.0 = Release|Any CPU
		{DDBAE7E1-EC77-411F-B921-0A3DBCAACB8C}.Debug|Any CPU.ActiveCfg = Debug|Any CPU
		{DDBAE7E1-EC77-411F-B921-0A3DBCAACB8C}.Debug|Any CPU.Build.0 = Debug|Any CPU
		{DDBAE7E1-EC77-411F-B921-0A3DBCAACB8C}.Release|Any CPU.ActiveCfg = Release|Any CPU
		{DDBAE7E1-EC77-411F-B921-0A3DBCAACB8C}.Release|Any CPU.Build.0 = Release|Any CPU
	EndGlobalSection
	GlobalSection(SolutionProperties) = preSolution
		HideSolutionNode = FALSE
	EndGlobalSection
	GlobalSection(ExtensibilityGlobals) = postSolution
		SolutionGuid = {3D414267-81DB-4031-80EE-2AE4F47DEC16}
	EndGlobalSection
EndGlobal
